// !$*UTF8*$!
{
	archiveVersion = 1;
	classes = {
	};
	objectVersion = 56;
	objects = {

/* Begin PBXBuildFile section */
		10DD76C42A0FF14200F08FA8 /* TouchdownApp.swift in Sources */ = {isa = PBXBuildFile; fileRef = 10DD76C32A0FF14200F08FA8 /* TouchdownApp.swift */; };
		10DD76C62A0FF14200F08FA8 /* ContentView.swift in Sources */ = {isa = PBXBuildFile; fileRef = 10DD76C52A0FF14200F08FA8 /* ContentView.swift */; };
		10DD76C82A0FF14300F08FA8 /* Assets.xcassets in Resources */ = {isa = PBXBuildFile; fileRef = 10DD76C72A0FF14300F08FA8 /* Assets.xcassets */; };
		10DD76CB2A0FF14300F08FA8 /* Preview Assets.xcassets in Resources */ = {isa = PBXBuildFile; fileRef = 10DD76CA2A0FF14300F08FA8 /* Preview Assets.xcassets */; };
		10DD76D52A0FF44800F08FA8 /* product.json in Resources */ = {isa = PBXBuildFile; fileRef = 10DD76D12A0FF44800F08FA8 /* product.json */; };
		10DD76D62A0FF44800F08FA8 /* category.json in Resources */ = {isa = PBXBuildFile; fileRef = 10DD76D22A0FF44800F08FA8 /* category.json */; };
		10DD76D72A0FF44800F08FA8 /* player.json in Resources */ = {isa = PBXBuildFile; fileRef = 10DD76D32A0FF44800F08FA8 /* player.json */; };
		10DD76D82A0FF44800F08FA8 /* brand.json in Resources */ = {isa = PBXBuildFile; fileRef = 10DD76D42A0FF44800F08FA8 /* brand.json */; };
		10DD76E32A0FF87300F08FA8 /* Constant.swift in Sources */ = {isa = PBXBuildFile; fileRef = 10DD76E22A0FF87300F08FA8 /* Constant.swift */; };
		10DD76E52A0FFAD600F08FA8 /* FooterView.swift in Sources */ = {isa = PBXBuildFile; fileRef = 10DD76E42A0FFAD600F08FA8 /* FooterView.swift */; };
		10DD76E72A0FFB3500F08FA8 /* CommentView.swift in Sources */ = {isa = PBXBuildFile; fileRef = 10DD76E62A0FFB3500F08FA8 /* CommentView.swift */; };
		10DD76E92A10502C00F08FA8 /* LogoView.swift in Sources */ = {isa = PBXBuildFile; fileRef = 10DD76E82A10502C00F08FA8 /* LogoView.swift */; };
		10DD76EB2A10508700F08FA8 /* NavigationBarView.swift in Sources */ = {isa = PBXBuildFile; fileRef = 10DD76EA2A10508700F08FA8 /* NavigationBarView.swift */; };
		10DD76ED2A1131F000F08FA8 /* PlayerModel.swift in Sources */ = {isa = PBXBuildFile; fileRef = 10DD76EC2A1131F000F08FA8 /* PlayerModel.swift */; };
		10DD76EF2A1132B200F08FA8 /* CodableBundleExtension.swift in Sources */ = {isa = PBXBuildFile; fileRef = 10DD76EE2A1132B200F08FA8 /* CodableBundleExtension.swift */; };
		10DD76F12A113E7F00F08FA8 /* FeaturedItemView.swift in Sources */ = {isa = PBXBuildFile; fileRef = 10DD76F02A113E7F00F08FA8 /* FeaturedItemView.swift */; };
		10DD76F32A11407200F08FA8 /* FeaturedTabView.swift in Sources */ = {isa = PBXBuildFile; fileRef = 10DD76F22A11407200F08FA8 /* FeaturedTabView.swift */; };
		10DD76F52A11AB4C00F08FA8 /* CategoryModel.swift in Sources */ = {isa = PBXBuildFile; fileRef = 10DD76F42A11AB4B00F08FA8 /* CategoryModel.swift */; };
		10DD76F72A11AEEE00F08FA8 /* CategoryItemView.swift in Sources */ = {isa = PBXBuildFile; fileRef = 10DD76F62A11AEEE00F08FA8 /* CategoryItemView.swift */; };
		10DD76F92A11B30D00F08FA8 /* CategoryGridView.swift in Sources */ = {isa = PBXBuildFile; fileRef = 10DD76F82A11B30D00F08FA8 /* CategoryGridView.swift */; };
/* End PBXBuildFile section */

/* Begin PBXFileReference section */
		10DD76C02A0FF14200F08FA8 /* Touchdown.app */ = {isa = PBXFileReference; explicitFileType = wrapper.application; includeInIndex = 0; path = Touchdown.app; sourceTree = BUILT_PRODUCTS_DIR; };
		10DD76C32A0FF14200F08FA8 /* TouchdownApp.swift */ = {isa = PBXFileReference; lastKnownFileType = sourcecode.swift; path = TouchdownApp.swift; sourceTree = "<group>"; };
		10DD76C52A0FF14200F08FA8 /* ContentView.swift */ = {isa = PBXFileReference; lastKnownFileType = sourcecode.swift; path = ContentView.swift; sourceTree = "<group>"; };
		10DD76C72A0FF14300F08FA8 /* Assets.xcassets */ = {isa = PBXFileReference; lastKnownFileType = folder.assetcatalog; path = Assets.xcassets; sourceTree = "<group>"; };
		10DD76CA2A0FF14300F08FA8 /* Preview Assets.xcassets */ = {isa = PBXFileReference; lastKnownFileType = folder.assetcatalog; path = "Preview Assets.xcassets"; sourceTree = "<group>"; };
		10DD76D12A0FF44800F08FA8 /* product.json */ = {isa = PBXFileReference; fileEncoding = 4; lastKnownFileType = text.json; path = product.json; sourceTree = "<group>"; };
		10DD76D22A0FF44800F08FA8 /* category.json */ = {isa = PBXFileReference; fileEncoding = 4; lastKnownFileType = text.json; path = category.json; sourceTree = "<group>"; };
		10DD76D32A0FF44800F08FA8 /* player.json */ = {isa = PBXFileReference; fileEncoding = 4; lastKnownFileType = text.json; path = player.json; sourceTree = "<group>"; };
		10DD76D42A0FF44800F08FA8 /* brand.json */ = {isa = PBXFileReference; fileEncoding = 4; lastKnownFileType = text.json; path = brand.json; sourceTree = "<group>"; };
		10DD76DA2A0FF50600F08FA8 /* Info.plist */ = {isa = PBXFileReference; lastKnownFileType = text.plist; path = Info.plist; sourceTree = "<group>"; };
		10DD76E22A0FF87300F08FA8 /* Constant.swift */ = {isa = PBXFileReference; lastKnownFileType = sourcecode.swift; path = Constant.swift; sourceTree = "<group>"; };
		10DD76E42A0FFAD600F08FA8 /* FooterView.swift */ = {isa = PBXFileReference; lastKnownFileType = sourcecode.swift; path = FooterView.swift; sourceTree = "<group>"; };
		10DD76E62A0FFB3500F08FA8 /* CommentView.swift */ = {isa = PBXFileReference; lastKnownFileType = sourcecode.swift; path = CommentView.swift; sourceTree = "<group>"; };
		10DD76E82A10502C00F08FA8 /* LogoView.swift */ = {isa = PBXFileReference; lastKnownFileType = sourcecode.swift; path = LogoView.swift; sourceTree = "<group>"; };
		10DD76EA2A10508700F08FA8 /* NavigationBarView.swift */ = {isa = PBXFileReference; lastKnownFileType = sourcecode.swift; path = NavigationBarView.swift; sourceTree = "<group>"; };
		10DD76EC2A1131F000F08FA8 /* PlayerModel.swift */ = {isa = PBXFileReference; lastKnownFileType = sourcecode.swift; path = PlayerModel.swift; sourceTree = "<group>"; };
		10DD76EE2A1132B200F08FA8 /* CodableBundleExtension.swift */ = {isa = PBXFileReference; lastKnownFileType = sourcecode.swift; path = CodableBundleExtension.swift; sourceTree = "<group>"; };
		10DD76F02A113E7F00F08FA8 /* FeaturedItemView.swift */ = {isa = PBXFileReference; lastKnownFileType = sourcecode.swift; path = FeaturedItemView.swift; sourceTree = "<group>"; };
		10DD76F22A11407200F08FA8 /* FeaturedTabView.swift */ = {isa = PBXFileReference; lastKnownFileType = sourcecode.swift; path = FeaturedTabView.swift; sourceTree = "<group>"; };
		10DD76F42A11AB4B00F08FA8 /* CategoryModel.swift */ = {isa = PBXFileReference; lastKnownFileType = sourcecode.swift; path = CategoryModel.swift; sourceTree = "<group>"; };
		10DD76F62A11AEEE00F08FA8 /* CategoryItemView.swift */ = {isa = PBXFileReference; lastKnownFileType = sourcecode.swift; path = CategoryItemView.swift; sourceTree = "<group>"; };
		10DD76F82A11B30D00F08FA8 /* CategoryGridView.swift */ = {isa = PBXFileReference; lastKnownFileType = sourcecode.swift; path = CategoryGridView.swift; sourceTree = "<group>"; };
/* End PBXFileReference section */

/* Begin PBXFrameworksBuildPhase section */
		10DD76BD2A0FF14200F08FA8 /* Frameworks */ = {
			isa = PBXFrameworksBuildPhase;
			buildActionMask = 2147483647;
			files = (
			);
			runOnlyForDeploymentPostprocessing = 0;
		};
/* End PBXFrameworksBuildPhase section */

/* Begin PBXGroup section */
		10DD76B72A0FF14200F08FA8 = {
			isa = PBXGroup;
			children = (
				10DD76C22A0FF14200F08FA8 /* Touchdown */,
				10DD76C12A0FF14200F08FA8 /* Products */,
			);
			sourceTree = "<group>";
		};
		10DD76C12A0FF14200F08FA8 /* Products */ = {
			isa = PBXGroup;
			children = (
				10DD76C02A0FF14200F08FA8 /* Touchdown.app */,
			);
			name = Products;
			sourceTree = "<group>";
		};
		10DD76C22A0FF14200F08FA8 /* Touchdown */ = {
			isa = PBXGroup;
			children = (
				10DD76DA2A0FF50600F08FA8 /* Info.plist */,
				10DD76E62A0FFB3500F08FA8 /* CommentView.swift */,
				10DD76DB2A0FF76500F08FA8 /* App */,
				10DD76DC2A0FF77000F08FA8 /* View */,
				10DD76D92A0FF45F00F08FA8 /* Data */,
				10DD76DF2A0FF7B900F08FA8 /* Model */,
				10DD76E02A0FF7CF00F08FA8 /* Extension */,
				10DD76E12A0FF81800F08FA8 /* Utility */,
				10DD76C72A0FF14300F08FA8 /* Assets.xcassets */,
				10DD76C92A0FF14300F08FA8 /* Preview Content */,
			);
			path = Touchdown;
			sourceTree = "<group>";
		};
		10DD76C92A0FF14300F08FA8 /* Preview Content */ = {
			isa = PBXGroup;
			children = (
				10DD76CA2A0FF14300F08FA8 /* Preview Assets.xcassets */,
			);
			path = "Preview Content";
			sourceTree = "<group>";
		};
		10DD76D92A0FF45F00F08FA8 /* Data */ = {
			isa = PBXGroup;
			children = (
				10DD76D42A0FF44800F08FA8 /* brand.json */,
				10DD76D22A0FF44800F08FA8 /* category.json */,
				10DD76D32A0FF44800F08FA8 /* player.json */,
				10DD76D12A0FF44800F08FA8 /* product.json */,
			);
			path = Data;
			sourceTree = "<group>";
		};
		10DD76DB2A0FF76500F08FA8 /* App */ = {
			isa = PBXGroup;
			children = (
				10DD76C32A0FF14200F08FA8 /* TouchdownApp.swift */,
				10DD76C52A0FF14200F08FA8 /* ContentView.swift */,
			);
			path = App;
			sourceTree = "<group>";
		};
		10DD76DC2A0FF77000F08FA8 /* View */ = {
			isa = PBXGroup;
			children = (
				10DD76DD2A0FF78600F08FA8 /* Home */,
				10DD76DE2A0FF79C00F08FA8 /* Detail */,
			);
			path = View;
			sourceTree = "<group>";
		};
		10DD76DD2A0FF78600F08FA8 /* Home */ = {
			isa = PBXGroup;
			children = (
				10DD76E42A0FFAD600F08FA8 /* FooterView.swift */,
				10DD76EA2A10508700F08FA8 /* NavigationBarView.swift */,
				10DD76E82A10502C00F08FA8 /* LogoView.swift */,
				10DD76F02A113E7F00F08FA8 /* FeaturedItemView.swift */,
				10DD76F22A11407200F08FA8 /* FeaturedTabView.swift */,
				10DD76F62A11AEEE00F08FA8 /* CategoryItemView.swift */,
				10DD76F82A11B30D00F08FA8 /* CategoryGridView.swift */,
			);
			path = Home;
			sourceTree = "<group>";
		};
		10DD76DE2A0FF79C00F08FA8 /* Detail */ = {
			isa = PBXGroup;
			children = (
			);
			path = Detail;
			sourceTree = "<group>";
		};
		10DD76DF2A0FF7B900F08FA8 /* Model */ = {
			isa = PBXGroup;
			children = (
				10DD76EC2A1131F000F08FA8 /* PlayerModel.swift */,
				10DD76F42A11AB4B00F08FA8 /* CategoryModel.swift */,
			);
			path = Model;
			sourceTree = "<group>";
		};
		10DD76E02A0FF7CF00F08FA8 /* Extension */ = {
			isa = PBXGroup;
			children = (
				10DD76EE2A1132B200F08FA8 /* CodableBundleExtension.swift */,
			);
			path = Extension;
			sourceTree = "<group>";
		};
		10DD76E12A0FF81800F08FA8 /* Utility */ = {
			isa = PBXGroup;
			children = (
				10DD76E22A0FF87300F08FA8 /* Constant.swift */,
			);
			path = Utility;
			sourceTree = "<group>";
		};
/* End PBXGroup section */

/* Begin PBXNativeTarget section */
		10DD76BF2A0FF14200F08FA8 /* Touchdown */ = {
			isa = PBXNativeTarget;
			buildConfigurationList = 10DD76CE2A0FF14300F08FA8 /* Build configuration list for PBXNativeTarget "Touchdown" */;
			buildPhases = (
				10DD76BC2A0FF14200F08FA8 /* Sources */,
				10DD76BD2A0FF14200F08FA8 /* Frameworks */,
				10DD76BE2A0FF14200F08FA8 /* Resources */,
			);
			buildRules = (
			);
			dependencies = (
			);
			name = Touchdown;
			productName = Touchdown;
			productReference = 10DD76C02A0FF14200F08FA8 /* Touchdown.app */;
			productType = "com.apple.product-type.application";
		};
/* End PBXNativeTarget section */

/* Begin PBXProject section */
		10DD76B82A0FF14200F08FA8 /* Project object */ = {
			isa = PBXProject;
			attributes = {
				BuildIndependentTargetsInParallel = 1;
				LastSwiftUpdateCheck = 1430;
				LastUpgradeCheck = 1430;
				TargetAttributes = {
					10DD76BF2A0FF14200F08FA8 = {
						CreatedOnToolsVersion = 14.3;
					};
				};
			};
			buildConfigurationList = 10DD76BB2A0FF14200F08FA8 /* Build configuration list for PBXProject "Touchdown" */;
			compatibilityVersion = "Xcode 14.0";
			developmentRegion = en;
			hasScannedForEncodings = 0;
			knownRegions = (
				en,
				Base,
			);
			mainGroup = 10DD76B72A0FF14200F08FA8;
			productRefGroup = 10DD76C12A0FF14200F08FA8 /* Products */;
			projectDirPath = "";
			projectRoot = "";
			targets = (
				10DD76BF2A0FF14200F08FA8 /* Touchdown */,
			);
		};
/* End PBXProject section */

/* Begin PBXResourcesBuildPhase section */
		10DD76BE2A0FF14200F08FA8 /* Resources */ = {
			isa = PBXResourcesBuildPhase;
			buildActionMask = 2147483647;
			files = (
				10DD76D72A0FF44800F08FA8 /* player.json in Resources */,
				10DD76CB2A0FF14300F08FA8 /* Preview Assets.xcassets in Resources */,
				10DD76C82A0FF14300F08FA8 /* Assets.xcassets in Resources */,
				10DD76D52A0FF44800F08FA8 /* product.json in Resources */,
				10DD76D62A0FF44800F08FA8 /* category.json in Resources */,
				10DD76D82A0FF44800F08FA8 /* brand.json in Resources */,
			);
			runOnlyForDeploymentPostprocessing = 0;
		};
/* End PBXResourcesBuildPhase section */

/* Begin PBXSourcesBuildPhase section */
		10DD76BC2A0FF14200F08FA8 /* Sources */ = {
			isa = PBXSourcesBuildPhase;
			buildActionMask = 2147483647;
			files = (
				10DD76F92A11B30D00F08FA8 /* CategoryGridView.swift in Sources */,
				10DD76C62A0FF14200F08FA8 /* ContentView.swift in Sources */,
				10DD76F52A11AB4C00F08FA8 /* CategoryModel.swift in Sources */,
				10DD76E92A10502C00F08FA8 /* LogoView.swift in Sources */,
				10DD76ED2A1131F000F08FA8 /* PlayerModel.swift in Sources */,
				10DD76E52A0FFAD600F08FA8 /* FooterView.swift in Sources */,
				10DD76C42A0FF14200F08FA8 /* TouchdownApp.swift in Sources */,
				10DD76E72A0FFB3500F08FA8 /* CommentView.swift in Sources */,
				10DD76F32A11407200F08FA8 /* FeaturedTabView.swift in Sources */,
				10DD76EB2A10508700F08FA8 /* NavigationBarView.swift in Sources */,
				10DD76F12A113E7F00F08FA8 /* FeaturedItemView.swift in Sources */,
				10DD76F72A11AEEE00F08FA8 /* CategoryItemView.swift in Sources */,
				10DD76E32A0FF87300F08FA8 /* Constant.swift in Sources */,
				10DD76EF2A1132B200F08FA8 /* CodableBundleExtension.swift in Sources */,
			);
			runOnlyForDeploymentPostprocessing = 0;
		};
/* End PBXSourcesBuildPhase section */

/* Begin XCBuildConfiguration section */
		10DD76CC2A0FF14300F08FA8 /* Debug */ = {
			isa = XCBuildConfiguration;
			buildSettings = {
				ALWAYS_SEARCH_USER_PATHS = NO;
				CLANG_ANALYZER_NONNULL = YES;
				CLANG_ANALYZER_NUMBER_OBJECT_CONVERSION = YES_AGGRESSIVE;
				CLANG_CXX_LANGUAGE_STANDARD = "gnu++20";
				CLANG_ENABLE_MODULES = YES;
				CLANG_ENABLE_OBJC_ARC = YES;
				CLANG_ENABLE_OBJC_WEAK = YES;
				CLANG_WARN_BLOCK_CAPTURE_AUTORELEASING = YES;
				CLANG_WARN_BOOL_CONVERSION = YES;
				CLANG_WARN_COMMA = YES;
				CLANG_WARN_CONSTANT_CONVERSION = YES;
				CLANG_WARN_DEPRECATED_OBJC_IMPLEMENTATIONS = YES;
				CLANG_WARN_DIRECT_OBJC_ISA_USAGE = YES_ERROR;
				CLANG_WARN_DOCUMENTATION_COMMENTS = YES;
				CLANG_WARN_EMPTY_BODY = YES;
				CLANG_WARN_ENUM_CONVERSION = YES;
				CLANG_WARN_INFINITE_RECURSION = YES;
				CLANG_WARN_INT_CONVERSION = YES;
				CLANG_WARN_NON_LITERAL_NULL_CONVERSION = YES;
				CLANG_WARN_OBJC_IMPLICIT_RETAIN_SELF = YES;
				CLANG_WARN_OBJC_LITERAL_CONVERSION = YES;
				CLANG_WARN_OBJC_ROOT_CLASS = YES_ERROR;
				CLANG_WARN_QUOTED_INCLUDE_IN_FRAMEWORK_HEADER = YES;
				CLANG_WARN_RANGE_LOOP_ANALYSIS = YES;
				CLANG_WARN_STRICT_PROTOTYPES = YES;
				CLANG_WARN_SUSPICIOUS_MOVE = YES;
				CLANG_WARN_UNGUARDED_AVAILABILITY = YES_AGGRESSIVE;
				CLANG_WARN_UNREACHABLE_CODE = YES;
				CLANG_WARN__DUPLICATE_METHOD_MATCH = YES;
				COPY_PHASE_STRIP = NO;
				DEBUG_INFORMATION_FORMAT = dwarf;
				ENABLE_STRICT_OBJC_MSGSEND = YES;
				ENABLE_TESTABILITY = YES;
				GCC_C_LANGUAGE_STANDARD = gnu11;
				GCC_DYNAMIC_NO_PIC = NO;
				GCC_NO_COMMON_BLOCKS = YES;
				GCC_OPTIMIZATION_LEVEL = 0;
				GCC_PREPROCESSOR_DEFINITIONS = (
					"DEBUG=1",
					"$(inherited)",
				);
				GCC_WARN_64_TO_32_BIT_CONVERSION = YES;
				GCC_WARN_ABOUT_RETURN_TYPE = YES_ERROR;
				GCC_WARN_UNDECLARED_SELECTOR = YES;
				GCC_WARN_UNINITIALIZED_AUTOS = YES_AGGRESSIVE;
				GCC_WARN_UNUSED_FUNCTION = YES;
				GCC_WARN_UNUSED_VARIABLE = YES;
				IPHONEOS_DEPLOYMENT_TARGET = 16.4;
				MTL_ENABLE_DEBUG_INFO = INCLUDE_SOURCE;
				MTL_FAST_MATH = YES;
				ONLY_ACTIVE_ARCH = YES;
				SDKROOT = iphoneos;
				SWIFT_ACTIVE_COMPILATION_CONDITIONS = DEBUG;
				SWIFT_OPTIMIZATION_LEVEL = "-Onone";
			};
			name = Debug;
		};
		10DD76CD2A0FF14300F08FA8 /* Release */ = {
			isa = XCBuildConfiguration;
			buildSettings = {
				ALWAYS_SEARCH_USER_PATHS = NO;
				CLANG_ANALYZER_NONNULL = YES;
				CLANG_ANALYZER_NUMBER_OBJECT_CONVERSION = YES_AGGRESSIVE;
				CLANG_CXX_LANGUAGE_STANDARD = "gnu++20";
				CLANG_ENABLE_MODULES = YES;
				CLANG_ENABLE_OBJC_ARC = YES;
				CLANG_ENABLE_OBJC_WEAK = YES;
				CLANG_WARN_BLOCK_CAPTURE_AUTORELEASING = YES;
				CLANG_WARN_BOOL_CONVERSION = YES;
				CLANG_WARN_COMMA = YES;
				CLANG_WARN_CONSTANT_CONVERSION = YES;
				CLANG_WARN_DEPRECATED_OBJC_IMPLEMENTATIONS = YES;
				CLANG_WARN_DIRECT_OBJC_ISA_USAGE = YES_ERROR;
				CLANG_WARN_DOCUMENTATION_COMMENTS = YES;
				CLANG_WARN_EMPTY_BODY = YES;
				CLANG_WARN_ENUM_CONVERSION = YES;
				CLANG_WARN_INFINITE_RECURSION = YES;
				CLANG_WARN_INT_CONVERSION = YES;
				CLANG_WARN_NON_LITERAL_NULL_CONVERSION = YES;
				CLANG_WARN_OBJC_IMPLICIT_RETAIN_SELF = YES;
				CLANG_WARN_OBJC_LITERAL_CONVERSION = YES;
				CLANG_WARN_OBJC_ROOT_CLASS = YES_ERROR;
				CLANG_WARN_QUOTED_INCLUDE_IN_FRAMEWORK_HEADER = YES;
				CLANG_WARN_RANGE_LOOP_ANALYSIS = YES;
				CLANG_WARN_STRICT_PROTOTYPES = YES;
				CLANG_WARN_SUSPICIOUS_MOVE = YES;
				CLANG_WARN_UNGUARDED_AVAILABILITY = YES_AGGRESSIVE;
				CLANG_WARN_UNREACHABLE_CODE = YES;
				CLANG_WARN__DUPLICATE_METHOD_MATCH = YES;
				COPY_PHASE_STRIP = NO;
				DEBUG_INFORMATION_FORMAT = "dwarf-with-dsym";
				ENABLE_NS_ASSERTIONS = NO;
				ENABLE_STRICT_OBJC_MSGSEND = YES;
				GCC_C_LANGUAGE_STANDARD = gnu11;
				GCC_NO_COMMON_BLOCKS = YES;
				GCC_WARN_64_TO_32_BIT_CONVERSION = YES;
				GCC_WARN_ABOUT_RETURN_TYPE = YES_ERROR;
				GCC_WARN_UNDECLARED_SELECTOR = YES;
				GCC_WARN_UNINITIALIZED_AUTOS = YES_AGGRESSIVE;
				GCC_WARN_UNUSED_FUNCTION = YES;
				GCC_WARN_UNUSED_VARIABLE = YES;
				IPHONEOS_DEPLOYMENT_TARGET = 16.4;
				MTL_ENABLE_DEBUG_INFO = NO;
				MTL_FAST_MATH = YES;
				SDKROOT = iphoneos;
				SWIFT_COMPILATION_MODE = wholemodule;
				SWIFT_OPTIMIZATION_LEVEL = "-O";
				VALIDATE_PRODUCT = YES;
			};
			name = Release;
		};
		10DD76CF2A0FF14300F08FA8 /* Debug */ = {
			isa = XCBuildConfiguration;
			buildSettings = {
				ASSETCATALOG_COMPILER_APPICON_NAME = AppIcon;
				ASSETCATALOG_COMPILER_GLOBAL_ACCENT_COLOR_NAME = AccentColor;
				CODE_SIGN_STYLE = Automatic;
				CURRENT_PROJECT_VERSION = 1;
				DEVELOPMENT_ASSET_PATHS = "\"Touchdown/Preview Content\"";
				DEVELOPMENT_TEAM = 767JC457LD;
				ENABLE_PREVIEWS = YES;
				GENERATE_INFOPLIST_FILE = YES;
				INFOPLIST_FILE = Touchdown/Info.plist;
				INFOPLIST_KEY_UIApplicationSceneManifest_Generation = YES;
				INFOPLIST_KEY_UIApplicationSupportsIndirectInputEvents = YES;
				INFOPLIST_KEY_UISupportedInterfaceOrientations = UIInterfaceOrientationPortrait;
				INFOPLIST_KEY_UISupportedInterfaceOrientations_iPad = "UIInterfaceOrientationLandscapeLeft UIInterfaceOrientationLandscapeRight UIInterfaceOrientationPortrait UIInterfaceOrientationPortraitUpsideDown";
				INFOPLIST_KEY_UIUserInterfaceStyle = Light;
				IPHONEOS_DEPLOYMENT_TARGET = 15.0;
				LD_RUNPATH_SEARCH_PATHS = (
					"$(inherited)",
					"@executable_path/Frameworks",
				);
				MARKETING_VERSION = 1.0;
				PRODUCT_BUNDLE_IDENTIFIER = com.mdabirhossain.Touchdown;
				PRODUCT_NAME = "$(TARGET_NAME)";
				SUPPORTED_PLATFORMS = "iphoneos iphonesimulator";
				SUPPORTS_MACCATALYST = NO;
				SUPPORTS_MAC_DESIGNED_FOR_IPHONE_IPAD = NO;
				SWIFT_EMIT_LOC_STRINGS = YES;
				SWIFT_VERSION = 5.0;
				TARGETED_DEVICE_FAMILY = "1,2";
			};
			name = Debug;
		};
		10DD76D02A0FF14300F08FA8 /* Release */ = {
			isa = XCBuildConfiguration;
			buildSettings = {
				ASSETCATALOG_COMPILER_APPICON_NAME = AppIcon;
				ASSETCATALOG_COMPILER_GLOBAL_ACCENT_COLOR_NAME = AccentColor;
				CODE_SIGN_STYLE = Automatic;
				CURRENT_PROJECT_VERSION = 1;
				DEVELOPMENT_ASSET_PATHS = "\"Touchdown/Preview Content\"";
				DEVELOPMENT_TEAM = 767JC457LD;
				ENABLE_PREVIEWS = YES;
				GENERATE_INFOPLIST_FILE = YES;
				INFOPLIST_FILE = Touchdown/Info.plist;
				INFOPLIST_KEY_UIApplicationSceneManifest_Generation = YES;
				INFOPLIST_KEY_UIApplicationSupportsIndirectInputEvents = YES;
				INFOPLIST_KEY_UISupportedInterfaceOrientations = UIInterfaceOrientationPortrait;
				INFOPLIST_KEY_UISupportedInterfaceOrientations_iPad = "UIInterfaceOrientationLandscapeLeft UIInterfaceOrientationLandscapeRight UIInterfaceOrientationPortrait UIInterfaceOrientationPortraitUpsideDown";
				INFOPLIST_KEY_UIUserInterfaceStyle = Light;
				IPHONEOS_DEPLOYMENT_TARGET = 15.0;
				LD_RUNPATH_SEARCH_PATHS = (
					"$(inherited)",
					"@executable_path/Frameworks",
				);
				MARKETING_VERSION = 1.0;
				PRODUCT_BUNDLE_IDENTIFIER = com.mdabirhossain.Touchdown;
				PRODUCT_NAME = "$(TARGET_NAME)";
				SUPPORTED_PLATFORMS = "iphoneos iphonesimulator";
				SUPPORTS_MACCATALYST = NO;
				SUPPORTS_MAC_DESIGNED_FOR_IPHONE_IPAD = NO;
				SWIFT_EMIT_LOC_STRINGS = YES;
				SWIFT_VERSION = 5.0;
				TARGETED_DEVICE_FAMILY = "1,2";
			};
			name = Release;
		};
/* End XCBuildConfiguration section */

/* Begin XCConfigurationList section */
		10DD76BB2A0FF14200F08FA8 /* Build configuration list for PBXProject "Touchdown" */ = {
			isa = XCConfigurationList;
			buildConfigurations = (
				10DD76CC2A0FF14300F08FA8 /* Debug */,
				10DD76CD2A0FF14300F08FA8 /* Release */,
			);
			defaultConfigurationIsVisible = 0;
			defaultConfigurationName = Release;
		};
		10DD76CE2A0FF14300F08FA8 /* Build configuration list for PBXNativeTarget "Touchdown" */ = {
			isa = XCConfigurationList;
			buildConfigurations = (
				10DD76CF2A0FF14300F08FA8 /* Debug */,
				10DD76D02A0FF14300F08FA8 /* Release */,
			);
			defaultConfigurationIsVisible = 0;
			defaultConfigurationName = Release;
		};
/* End XCConfigurationList section */
	};
	rootObject = 10DD76B82A0FF14200F08FA8 /* Project object */;
}
